
Microsoft Visual Studio Solution File, Format Version 12.00
# Visual Studio Version 16
VisualStudioVersion = 16.0.28729.10
MinimumVisualStudioVersion = 10.0.40219.1
Project("{FAE04EC0-301F-11D3-BF4B-00C04F79EFBC}") = "Key_Compress", "Key_Compress\Key_Compress.csproj", "{6DA5AD4C-0D3C-478D-945B-E6F9AD9F0BDB}"
EndProject
Global
	GlobalSection(SolutionConfigurationPlatforms) = preSolution
		Debug|Any CPU = Debug|Any CPU
		Debug|x86 = Debug|x86
		Release|Any CPU = Release|Any CPU
		Release|x86 = Release|x86
	EndGlobalSection
	GlobalSection(ProjectConfigurationPlatforms) = postSolution
		{6DA5AD4C-0D3C-478D-945B-E6F9AD9F0BDB}.Debug|Any CPU.ActiveCfg = Release|Any CPU
		{6DA5AD4C-0D3C-478D-945B-E6F9AD9F0BDB}.Debug|Any CPU.Build.0 = Release|Any CPU
		{6DA5AD4C-0D3C-478D-945B-E6F9AD9F0BDB}.Debug|x86.ActiveCfg = Debug|x86
		{6DA5AD4C-0D3C-478D-945B-E6F9AD9F0BDB}.Debug|x86.Build.0 = Debug|x86
		{6DA5AD4C-0D3C-478D-945B-E6F9AD9F0BDB}.Release|Any CPU.ActiveCfg = Release|Any CPU
		{6DA5AD4C-0D3C-478D-945B-E6F9AD9F0BDB}.Release|Any CPU.Build.0 = Release|Any CPU
		{6DA5AD4C-0D3C-478D-945B-E6F9AD9F0BDB}.Release|x86.ActiveCfg = Release|x86
		{6DA5AD4C-0D3C-478D-945B-E6F9AD9F0BDB}.Release|x86.Build.0 = Release|x86
	EndGlobalSection
	GlobalSection(SolutionProperties) = preSolution
		HideSolutionNode = FALSE
	EndGlobalSection
	GlobalSection(ExtensibilityGlobals) = postSolution
		SolutionGuid = {D6C139EB-9C85-4F8B-895E-7BE3BECC2CE6}
	EndGlobalSection
EndGlobal
